Microsoft Visual Studio Solution File, Format Version 12.00
# Visual Studio Version 17
VisualStudioVersion = 17.5.2.0
MinimumVisualStudioVersion = 10.0.40219.1
Project("{2150E333-8FDC-42A3-9474-1A3956D46DE8}") = "client", "client", "{2CB42F12-E813-91B3-7D11-3220E40BEF4A}"
EndProject
Project("{2150E333-8FDC-42A3-9474-1A3956D46DE8}") = "studio", "studio", "{E7FC634A-46D6-8D60-CF2F-7736DEAAEBAC}"
EndProject
Project("{FAE04EC0-301F-11D3-BF4B-00C04F79EFBC}") = "ZamarPlayer", "client\ZamarPlayer.csproj", "{FE6BE427-C23F-B823-1899-465965011DC9}"
EndProject
Project("{FAE04EC0-301F-11D3-BF4B-00C04F79EFBC}") = "ZamarStudio", "studio\ZamarStudio.csproj", "{5C85C4EC-B215-18E8-264D-4C02F341EBC9}"
EndProject
Global
	GlobalSection(SolutionConfigurationPlatforms) = preSolution
		Debug|Any CPU = Debug|Any CPU
		Release|Any CPU = Release|Any CPU
	EndGlobalSection
	GlobalSection(ProjectConfigurationPlatforms) = postSolution
		{FE6BE427-C23F-B823-1899-465965011DC9}.Debug|Any CPU.ActiveCfg = Debug|Any CPU
		{FE6BE427-C23F-B823-1899-465965011DC9}.Debug|Any CPU.Build.0 = Debug|Any CPU
		{FE6BE427-C23F-B823-1899-465965011DC9}.Release|Any CPU.ActiveCfg = Release|Any CPU
		{FE6BE427-C23F-B823-1899-465965011DC9}.Release|Any CPU.Build.0 = Release|Any CPU
		{5C85C4EC-B215-18E8-264D-4C02F341EBC9}.Debug|Any CPU.ActiveCfg = Debug|Any CPU
		{5C85C4EC-B215-18E8-264D-4C02F341EBC9}.Debug|Any CPU.Build.0 = Debug|Any CPU
		{5C85C4EC-B215-18E8-264D-4C02F341EBC9}.Release|Any CPU.ActiveCfg = Release|Any CPU
		{5C85C4EC-B215-18E8-264D-4C02F341EBC9}.Release|Any CPU.Build.0 = Release|Any CPU
	EndGlobalSection
	GlobalSection(SolutionProperties) = preSolution
		HideSolutionNode = FALSE
	EndGlobalSection
	GlobalSection(NestedProjects) = preSolution
		{FE6BE427-C23F-B823-1899-465965011DC9} = {2CB42F12-E813-91B3-7D11-3220E40BEF4A}
		{5C85C4EC-B215-18E8-264D-4C02F341EBC9} = {E7FC634A-46D6-8D60-CF2F-7736DEAAEBAC}
	EndGlobalSection
	GlobalSection(ExtensibilityGlobals) = postSolution
		SolutionGuid = {F3E35DF0-0F6A-4B3C-8A57-6A28A22B433C}
	EndGlobalSection
EndGlobal
